<?xml version="1.0" encoding="utf-8"?>
<Project ToolsVersion="4.0" xmlns="http://schemas.microsoft.com/developer/msbuild/2003">
  <ItemGroup>
    <Filter Include="Archivos de código fuente">
      <UniqueIdentifier>{4FC737F1-C7A5-4376-A066-2A32D752A2FF}</UniqueIdentifier>
      <Extensions>cpp;c;cc;cxx;def;odl;idl;hpj;bat;asm;asmx</Extensions>
    </Filter>
    <Filter Include="Archivos de encabezado">
      <UniqueIdentifier>{93995380-89BD-4b04-88EB-625FBE52EBFB}</UniqueIdentifier>
      <Extensions>h;hh;hpp;hxx;hm;inl;inc;xsd</Extensions>
    </Filter>
    <Filter Include="Archivos de recursos">
      <UniqueIdentifier>{67DA6AB6-F800-4c08-8B7A-83BB121AAD01}</UniqueIdentifier>
      <Extensions>rc;ico;cur;bmp;dlg;rc2;rct;bin;rgs;gif;jpg;jpeg;jpe;resx;tiff;tif;png;wav;mfcribbon-ms</Extensions>
    </Filter>
    <Filter Include="Archivos de código fuente\Components">
      <UniqueIdentifier>{6fb9e5af-d81b-43cd-baf0-60ad8269aad9}</UniqueIdentifier>
    </Filter>
    <Filter Include="Archivos de código fuente\Helpers">
      <UniqueIdentifier>{41160329-8bb5-4a09-962e-4d84ddd90a32}</UniqueIdentifier>
    </Filter>
    <Filter Include="Shaders">
      <UniqueIdentifier>{ebd6ce8e-cb63-40f7-a6d2-3216bdcd53a9}</UniqueIdentifier>
    </Filter>
    <Filter Include="Models">
      <UniqueIdentifier>{b7c26098-c27e-49e5-b677-0042ec778aa0}</UniqueIdentifier>
    </Filter>
    <Filter Include="Archivos de código fuente\Components\MeshTypes">
      <UniqueIdentifier>{3a4a131e-d166-447d-bf85-7d4abbcd2fff}</UniqueIdentifier>
    </Filter>
    <Filter Include="Archivos de código fuente\Components\Fundamental">
      <UniqueIdentifier>{875559c6-dfd1-4342-b7e0-f7f65cdc4dc9}</UniqueIdentifier>
    </Filter>
    <Filter Include="Shaders\OceanShaders">
      <UniqueIdentifier>{b1b0bb46-51d3-45c4-8bfb-fffc1e234fb5}</UniqueIdentifier>
    </Filter>
  </ItemGroup>
  <ItemGroup>
    <ClCompile Include="Entrypoint.cpp">
      <Filter>Archivos de código fuente</Filter>
    </ClCompile>
    <ClCompile Include="FileLoader.cpp">
      <Filter>Archivos de código fuente\Helpers</Filter>
    </ClCompile>
    <ClCompile Include="MeshFactory.cpp">
      <Filter>Archivos de código fuente\Helpers</Filter>
    </ClCompile>
    <ClCompile Include="ImageFactory.cpp">
      <Filter>Archivos de código fuente\Helpers</Filter>
    </ClCompile>
    <ClCompile Include="Ctrl360.cpp">
      <Filter>Archivos de código fuente</Filter>
    </ClCompile>
    <ClCompile Include="TerrainMesh.cpp">
      <Filter>Archivos de código fuente\Components\MeshTypes</Filter>
    </ClCompile>
    <ClCompile Include="Camera.cpp">
      <Filter>Archivos de código fuente\Components\Fundamental</Filter>
    </ClCompile>
    <ClCompile Include="Graphics.cpp">
      <Filter>Archivos de código fuente\Components\Fundamental</Filter>
    </ClCompile>
    <ClCompile Include="Physx.cpp">
      <Filter>Archivos de código fuente\Components\Fundamental</Filter>
    </ClCompile>
    <ClCompile Include="ShadowMapping.cpp">
      <Filter>Archivos de código fuente\Components\Fundamental</Filter>
    </ClCompile>
    <ClCompile Include="SunMesh.cpp">
      <Filter>Archivos de código fuente\Components\MeshTypes</Filter>
    </ClCompile>
    <ClCompile Include="ToTexture.cpp">
      <Filter>Archivos de código fuente\Helpers</Filter>
    </ClCompile>
    <ClCompile Include="MotionBlurRender.cpp">
      <Filter>Archivos de código fuente\Components\Fundamental</Filter>
    </ClCompile>
    <ClCompile Include="Scene.cpp">
      <Filter>Archivos de código fuente</Filter>
    </ClCompile>
    <ClCompile Include="CSFFT\fft_512x512_c2c.cpp">
      <Filter>Archivos de código fuente\Helpers</Filter>
    </ClCompile>
    <ClCompile Include="ocean_simulator.cpp">
      <Filter>Archivos de código fuente</Filter>
    </ClCompile>
    <ClCompile Include="Ocean.cpp">
      <Filter>Archivos de código fuente</Filter>
    </ClCompile>
  </ItemGroup>
  <ItemGroup>
    <Image Include="..\..\..\..\..\Desktop\icon.ico">
      <Filter>Archivos de recursos</Filter>
    </Image>
    <Image Include="icon.ico">
      <Filter>Archivos de recursos</Filter>
    </Image>
    <Image Include="models\Diffuse Color.001.png">
      <Filter>Models</Filter>
    </Image>
  </ItemGroup>
  <ItemGroup>
    <ClInclude Include="resource.h">
      <Filter>Archivos de encabezado</Filter>
    </ClInclude>
    <ClInclude Include="Graphics.h">
      <Filter>Archivos de encabezado</Filter>
    </ClInclude>
    <ClInclude Include="Physx.h">
      <Filter>Archivos de encabezado</Filter>
    </ClInclude>
    <ClInclude Include="ImageFactory.h">
      <Filter>Archivos de encabezado</Filter>
    </ClInclude>
    <ClInclude Include="FileLoader.h">
      <Filter>Archivos de encabezado</Filter>
    </ClInclude>
    <ClInclude Include="MeshFactory.h">
      <Filter>Archivos de encabezado</Filter>
    </ClInclude>
    <ClInclude Include="IMesh.h">
      <Filter>Archivos de encabezado</Filter>
    </ClInclude>
    <ClInclude Include="TerrainMesh.h">
      <Filter>Archivos de encabezado</Filter>
    </ClInclude>
    <ClInclude Include="Definitions.h">
      <Filter>Archivos de encabezado</Filter>
    </ClInclude>
    <ClInclude Include="Camera.h">
      <Filter>Archivos de encabezado</Filter>
    </ClInclude>
    <ClInclude Include="Scene.h">
      <Filter>Archivos de encabezado</Filter>
    </ClInclude>
    <ClInclude Include="WICHelpers.h">
      <Filter>Archivos de encabezado</Filter>
    </ClInclude>
    <ClInclude Include="Ctrl360.h">
      <Filter>Archivos de encabezado</Filter>
    </ClInclude>
    <ClInclude Include="ShadowMapping.h">
      <Filter>Archivos de encabezado</Filter>
    </ClInclude>
    <ClInclude Include="SunMesh.h">
      <Filter>Archivos de encabezado</Filter>
    </ClInclude>
    <ClInclude Include="ToTexture.h">
      <Filter>Archivos de encabezado</Filter>
    </ClInclude>
    <ClInclude Include="MotionBlurRender.h">
      <Filter>Archivos de encabezado</Filter>
    </ClInclude>
    <ClInclude Include="CSFFT\fft_512x512.h">
      <Filter>Archivos de encabezado</Filter>
    </ClInclude>
    <ClInclude Include="ocean_simulator.h">
      <Filter>Archivos de encabezado</Filter>
    </ClInclude>
    <ClInclude Include="Ocean.h">
      <Filter>Archivos de encabezado</Filter>
    </ClInclude>
  </ItemGroup>
  <ItemGroup>
    <ResourceCompile Include="Resource.rc">
      <Filter>Archivos de recursos</Filter>
    </ResourceCompile>
  </ItemGroup>
  <ItemGroup>
    <FxCompile Include="PixelShader.hlsl">
      <Filter>Shaders</Filter>
    </FxCompile>
    <FxCompile Include="VertexShader.hlsl">
      <Filter>Shaders</Filter>
    </FxCompile>
    <FxCompile Include="ShadowVertexShader.hlsl">
      <Filter>Shaders</Filter>
    </FxCompile>
    <FxCompile Include="ShadowPixelShader.hlsl">
      <Filter>Shaders</Filter>
    </FxCompile>
    <FxCompile Include="SunVertexShader.hlsl">
      <Filter>Shaders</Filter>
    </FxCompile>
    <FxCompile Include="SunPixelShader.hlsl">
      <Filter>Shaders</Filter>
    </FxCompile>
    <FxCompile Include="HorizontalBlurVertexShader.hlsl">
      <Filter>Shaders</Filter>
    </FxCompile>
    <FxCompile Include="HorizontalVerticalBlurPixelShader.hlsl">
      <Filter>Shaders</Filter>
    </FxCompile>
    <FxCompile Include="VerticalBlurVertexShader.hlsl">
      <Filter>Shaders</Filter>
    </FxCompile>
    <FxCompile Include="SimpleVertexShader.hlsl">
      <Filter>Shaders</Filter>
    </FxCompile>
    <FxCompile Include="SimplePixelShader.hlsl">
      <Filter>Shaders</Filter>
    </FxCompile>
    <FxCompile Include="OceanVertexShader.hlsl">
      <Filter>Shaders\OceanShaders</Filter>
    </FxCompile>
    <FxCompile Include="OceanPixelShader.hlsl">
      <Filter>Shaders\OceanShaders</Filter>
    </FxCompile>
  </ItemGroup>
  <ItemGroup>
    <None Include="models\beach.fbx">
      <Filter>Models</Filter>
    </None>
    <None Include="CSFFT\fft_512x512_c2c.hlsl">
      <Filter>Shaders\OceanShaders</Filter>
    </None>
    <None Include="ocean_shading.hlsl">
      <Filter>Shaders\OceanShaders</Filter>
    </None>
    <None Include="ocean_simulator_cs.hlsl">
      <Filter>Shaders\OceanShaders</Filter>
    </None>
    <None Include="ocean_simulator_vs_ps.hlsl">
      <Filter>Shaders\OceanShaders</Filter>
    </None>
  </ItemGroup>
</Project>